{
  "name": "ajs-2",
  "version": "1.0.0",
  "lockfileVersion": 2,
  "requires": true,
  "packages": {
    "": {
      "name": "ajs-2",
      "version": "1.0.0",
      "license": "ISC",
      "dependencies": {
        "@ddefo25/ajs": "^1.0.2"
      }
    },
    "node_modules/@ddefo25/ajs": {
      "version": "1.0.2",
      "resolved": "https://npm.pkg.github.com/download/@ddefo25/ajs/1.0.2/07c58f10d16f053e4313d89240cf4f55f7b71a21",
      "integrity": "sha512-gDS/vL8AyatW5qfwUS5pJTX3rmDiJbj8jSKnhysjdDxCY6/Q1vnrOs6VRXhBrs21QhggkBmyK1vvtS0mYhTMeg==",
      "license": "ISC"
    }
  },
  "dependencies": {
    "@ddefo25/ajs": {
      "version": "1.0.2",
      "resolved": "https://npm.pkg.github.com/download/@ddefo25/ajs/1.0.2/07c58f10d16f053e4313d89240cf4f55f7b71a21",
      "integrity": "sha512-gDS/vL8AyatW5qfwUS5pJTX3rmDiJbj8jSKnhysjdDxCY6/Q1vnrOs6VRXhBrs21QhggkBmyK1vvtS0mYhTMeg=="
    }
  }
}
